
Microsoft Visual Studio Solution File, Format Version 12.00
# Visual Studio 15
VisualStudioVersion = 15.0.28010.2050
MinimumVisualStudioVersion = 10.0.40219.1
Project("{FAE04EC0-301F-11D3-BF4B-00C04F79EFBC}") = "accountingApp", "accountingApp\accountingApp.csproj", "{D75964CA-BE2E-4692-BBCB-E40A3109CFA3}"
EndProject
Global
	GlobalSection(SolutionConfigurationPlatforms) = preSolution
		Debug|Any CPU = Debug|Any CPU
		Release|Any CPU = Release|Any CPU
	EndGlobalSection
	GlobalSection(ProjectConfigurationPlatforms) = postSolution
		{D75964CA-BE2E-4692-BBCB-E40A3109CFA3}.Debug|Any CPU.ActiveCfg = Debug|Any CPU
		{D75964CA-BE2E-4692-BBCB-E40A3109CFA3}.Debug|Any CPU.Build.0 = Debug|Any CPU
		{D75964CA-BE2E-4692-BBCB-E40A3109CFA3}.Release|Any CPU.ActiveCfg = Release|Any CPU
		{D75964CA-BE2E-4692-BBCB-E40A3109CFA3}.Release|Any CPU.Build.0 = Release|Any CPU
	EndGlobalSection
	GlobalSection(SolutionProperties) = preSolution
		HideSolutionNode = FALSE
	EndGlobalSection
	GlobalSection(ExtensibilityGlobals) = postSolution
		SolutionGuid = {0E35D4C8-FDB5-4804-8D12-B4246EA14ADD}
	EndGlobalSection
EndGlobal
